
Microsoft Visual Studio Solution File, Format Version 12.00
# Visual Studio Version 16
VisualStudioVersion = 16.0.30204.135
MinimumVisualStudioVersion = 10.0.40219.1
Project("{FAE04EC0-301F-11D3-BF4B-00C04F79EFBC}") = "vsmTicketFolder", "vsmTicketFolder.csproj", "{DE2AB45D-0AE4-451D-A176-B846574CC37F}"
EndProject
Project("{54435603-DBB4-11D2-8724-00A0C9A8B90C}") = "Setup", "Setup\Setup.vdproj", "{812FA226-7586-4738-8D93-9C7129512DB2}"
EndProject
Global
	GlobalSection(SolutionConfigurationPlatforms) = preSolution
		Debug|Any CPU = Debug|Any CPU
		Release|Any CPU = Release|Any CPU
	EndGlobalSection
	GlobalSection(ProjectConfigurationPlatforms) = postSolution
		{DE2AB45D-0AE4-451D-A176-B846574CC37F}.Debug|Any CPU.ActiveCfg = Debug|Any CPU
		{DE2AB45D-0AE4-451D-A176-B846574CC37F}.Debug|Any CPU.Build.0 = Debug|Any CPU
		{DE2AB45D-0AE4-451D-A176-B846574CC37F}.Release|Any CPU.ActiveCfg = Release|Any CPU
		{DE2AB45D-0AE4-451D-A176-B846574CC37F}.Release|Any CPU.Build.0 = Release|Any CPU
		{812FA226-7586-4738-8D93-9C7129512DB2}.Debug|Any CPU.ActiveCfg = Debug
		{812FA226-7586-4738-8D93-9C7129512DB2}.Release|Any CPU.ActiveCfg = Release
	EndGlobalSection
	GlobalSection(SolutionProperties) = preSolution
		HideSolutionNode = FALSE
	EndGlobalSection
	GlobalSection(ExtensibilityGlobals) = postSolution
		SolutionGuid = {37D2A3CC-1E4D-4A8A-B46A-BF98B2A58C15}
	EndGlobalSection
EndGlobal
